
Microsoft Visual Studio Solution File, Format Version 12.00
# Visual Studio 14
VisualStudioVersion = 14.0.25420.1
MinimumVisualStudioVersion = 10.0.40219.1
Project("{FAE04EC0-301F-11D3-BF4B-00C04F79EFBC}") = "BibliotecaEscuadron", "BibliotecaEscuadron\BibliotecaEscuadron.csproj", "{75B4A5DD-7698-4582-B10F-9B2BE0423F85}"
EndProject
Project("{FAE04EC0-301F-11D3-BF4B-00C04F79EFBC}") = "LoginForm", "LoginForm\LoginForm.csproj", "{146E06B3-57E0-4EE0-8328-D490207A934F}"
EndProject
Global
	GlobalSection(SolutionConfigurationPlatforms) = preSolution
		Debug|Any CPU = Debug|Any CPU
		Release|Any CPU = Release|Any CPU
	EndGlobalSection
	GlobalSection(ProjectConfigurationPlatforms) = postSolution
		{75B4A5DD-7698-4582-B10F-9B2BE0423F85}.Debug|Any CPU.ActiveCfg = Debug|Any CPU
		{75B4A5DD-7698-4582-B10F-9B2BE0423F85}.Debug|Any CPU.Build.0 = Debug|Any CPU
		{75B4A5DD-7698-4582-B10F-9B2BE0423F85}.Release|Any CPU.ActiveCfg = Release|Any CPU
		{75B4A5DD-7698-4582-B10F-9B2BE0423F85}.Release|Any CPU.Build.0 = Release|Any CPU
		{146E06B3-57E0-4EE0-8328-D490207A934F}.Debug|Any CPU.ActiveCfg = Debug|Any CPU
		{146E06B3-57E0-4EE0-8328-D490207A934F}.Debug|Any CPU.Build.0 = Debug|Any CPU
		{146E06B3-57E0-4EE0-8328-D490207A934F}.Release|Any CPU.ActiveCfg = Release|Any CPU
		{146E06B3-57E0-4EE0-8328-D490207A934F}.Release|Any CPU.Build.0 = Release|Any CPU
	EndGlobalSection
	GlobalSection(SolutionProperties) = preSolution
		HideSolutionNode = FALSE
	EndGlobalSection
EndGlobal
